
Microsoft Visual Studio Solution File, Format Version 12.00
# Visual Studio 15
VisualStudioVersion = 15.0.28307.489
MinimumVisualStudioVersion = 10.0.40219.1
Project("{FAE04EC0-301F-11D3-BF4B-00C04F79EFBC}") = "FilmsXamarin.Android", "FilmsXamarin\FilmsXamarin.Android\FilmsXamarin.Android.csproj", "{5E6FDD75-3E32-42E1-9159-C1CF696EECEB}"
EndProject
Project("{FAE04EC0-301F-11D3-BF4B-00C04F79EFBC}") = "FilmsXamarin.iOS", "FilmsXamarin\FilmsXamarin.iOS\FilmsXamarin.iOS.csproj", "{FFAB9E25-0FA1-4978-845B-7F56F5592EE8}"
EndProject
Project("{FAE04EC0-301F-11D3-BF4B-00C04F79EFBC}") = "FilmsXamarin", "FilmsXamarin\FilmsXamarin\FilmsXamarin.csproj", "{B7281EAE-FA9E-4FD3-8C17-77B76E0F48A4}"
EndProject
Global
	GlobalSection(SolutionConfigurationPlatforms) = preSolution
		Ad-Hoc|Any CPU = Ad-Hoc|Any CPU
		Ad-Hoc|iPhone = Ad-Hoc|iPhone
		Ad-Hoc|iPhoneSimulator = Ad-Hoc|iPhoneSimulator
		AppStore|Any CPU = AppStore|Any CPU
		AppStore|iPhone = AppStore|iPhone
		AppStore|iPhoneSimulator = AppStore|iPhoneSimulator
		Debug|Any CPU = Debug|Any CPU
		Debug|iPhone = Debug|iPhone
		Debug|iPhoneSimulator = Debug|iPhoneSimulator
		Release|Any CPU = Release|Any CPU
		Release|iPhone = Release|iPhone
		Release|iPhoneSimulator = Release|iPhoneSimulator
	EndGlobalSection
	GlobalSection(ProjectConfigurationPlatforms) = postSolution
		{5E6FDD75-3E32-42E1-9159-C1CF696EECEB}.Ad-Hoc|Any CPU.ActiveCfg = Release|Any CPU
		{5E6FDD75-3E32-42E1-9159-C1CF696EECEB}.Ad-Hoc|Any CPU.Build.0 = Release|Any CPU
		{5E6FDD75-3E32-42E1-9159-C1CF696EECEB}.Ad-Hoc|Any CPU.Deploy.0 = Release|Any CPU
		{5E6FDD75-3E32-42E1-9159-C1CF696EECEB}.Ad-Hoc|iPhone.ActiveCfg = Release|Any CPU
		{5E6FDD75-3E32-42E1-9159-C1CF696EECEB}.Ad-Hoc|iPhone.Build.0 = Release|Any CPU
		{5E6FDD75-3E32-42E1-9159-C1CF696EECEB}.Ad-Hoc|iPhone.Deploy.0 = Release|Any CPU
		{5E6FDD75-3E32-42E1-9159-C1CF696EECEB}.Ad-Hoc|iPhoneSimulator.ActiveCfg = Release|Any CPU
		{5E6FDD75-3E32-42E1-9159-C1CF696EECEB}.Ad-Hoc|iPhoneSimulator.Build.0 = Release|Any CPU
		{5E6FDD75-3E32-42E1-9159-C1CF696EECEB}.Ad-Hoc|iPhoneSimulator.Deploy.0 = Release|Any CPU
		{5E6FDD75-3E32-42E1-9159-C1CF696EECEB}.AppStore|Any CPU.ActiveCfg = Release|Any CPU
		{5E6FDD75-3E32-42E1-9159-C1CF696EECEB}.AppStore|Any CPU.Build.0 = Release|Any CPU
		{5E6FDD75-3E32-42E1-9159-C1CF696EECEB}.AppStore|Any CPU.Deploy.0 = Release|Any CPU
		{5E6FDD75-3E32-42E1-9159-C1CF696EECEB}.AppStore|iPhone.ActiveCfg = Release|Any CPU
		{5E6FDD75-3E32-42E1-9159-C1CF696EECEB}.AppStore|iPhone.Build.0 = Release|Any CPU
		{5E6FDD75-3E32-42E1-9159-C1CF696EECEB}.AppStore|iPhone.Deploy.0 = Release|Any CPU
		{5E6FDD75-3E32-42E1-9159-C1CF696EECEB}.AppStore|iPhoneSimulator.ActiveCfg = Release|Any CPU
		{5E6FDD75-3E32-42E1-9159-C1CF696EECEB}.AppStore|iPhoneSimulator.Build.0 = Release|Any CPU
		{5E6FDD75-3E32-42E1-9159-C1CF696EECEB}.AppStore|iPhoneSimulator.Deploy.0 = Release|Any CPU
		{5E6FDD75-3E32-42E1-9159-C1CF696EECEB}.Debug|Any CPU.ActiveCfg = Debug|Any CPU
		{5E6FDD75-3E32-42E1-9159-C1CF696EECEB}.Debug|Any CPU.Build.0 = Debug|Any CPU
		{5E6FDD75-3E32-42E1-9159-C1CF696EECEB}.Debug|Any CPU.Deploy.0 = Debug|Any CPU
		{5E6FDD75-3E32-42E1-9159-C1CF696EECEB}.Debug|iPhone.ActiveCfg = Debug|Any CPU
		{5E6FDD75-3E32-42E1-9159-C1CF696EECEB}.Debug|iPhone.Build.0 = Debug|Any CPU
		{5E6FDD75-3E32-42E1-9159-C1CF696EECEB}.Debug|iPhone.Deploy.0 = Debug|Any CPU
		{5E6FDD75-3E32-42E1-9159-C1CF696EECEB}.Debug|iPhoneSimulator.ActiveCfg = Debug|Any CPU
		{5E6FDD75-3E32-42E1-9159-C1CF696EECEB}.Debug|iPhoneSimulator.Build.0 = Debug|Any CPU
		{5E6FDD75-3E32-42E1-9159-C1CF696EECEB}.Debug|iPhoneSimulator.Deploy.0 = Debug|Any CPU
		{5E6FDD75-3E32-42E1-9159-C1CF696EECEB}.Release|Any CPU.ActiveCfg = Release|Any CPU
		{5E6FDD75-3E32-42E1-9159-C1CF696EECEB}.Release|Any CPU.Build.0 = Release|Any CPU
		{5E6FDD75-3E32-42E1-9159-C1CF696EECEB}.Release|Any CPU.Deploy.0 = Release|Any CPU
		{5E6FDD75-3E32-42E1-9159-C1CF696EECEB}.Release|iPhone.ActiveCfg = Release|Any CPU
		{5E6FDD75-3E32-42E1-9159-C1CF696EECEB}.Release|iPhone.Build.0 = Release|Any CPU
		{5E6FDD75-3E32-42E1-9159-C1CF696EECEB}.Release|iPhone.Deploy.0 = Release|Any CPU
		{5E6FDD75-3E32-42E1-9159-C1CF696EECEB}.Release|iPhoneSimulator.ActiveCfg = Release|Any CPU
		{5E6FDD75-3E32-42E1-9159-C1CF696EECEB}.Release|iPhoneSimulator.Build.0 = Release|Any CPU
		{5E6FDD75-3E32-42E1-9159-C1CF696EECEB}.Release|iPhoneSimulator.Deploy.0 = Release|Any CPU
		{FFAB9E25-0FA1-4978-845B-7F56F5592EE8}.Ad-Hoc|Any CPU.ActiveCfg = Ad-Hoc|iPhone
		{FFAB9E25-0FA1-4978-845B-7F56F5592EE8}.Ad-Hoc|Any CPU.Build.0 = Ad-Hoc|iPhone
		{FFAB9E25-0FA1-4978-845B-7F56F5592EE8}.Ad-Hoc|Any CPU.Deploy.0 = Ad-Hoc|iPhone
		{FFAB9E25-0FA1-4978-845B-7F56F5592EE8}.Ad-Hoc|iPhone.ActiveCfg = Ad-Hoc|iPhone
		{FFAB9E25-0FA1-4978-845B-7F56F5592EE8}.Ad-Hoc|iPhone.Build.0 = Ad-Hoc|iPhone
		{FFAB9E25-0FA1-4978-845B-7F56F5592EE8}.Ad-Hoc|iPhone.Deploy.0 = Ad-Hoc|iPhone
		{FFAB9E25-0FA1-4978-845B-7F56F5592EE8}.Ad-Hoc|iPhoneSimulator.ActiveCfg = Ad-Hoc|iPhoneSimulator
		{FFAB9E25-0FA1-4978-845B-7F56F5592EE8}.Ad-Hoc|iPhoneSimulator.Build.0 = Ad-Hoc|iPhoneSimulator
		{FFAB9E25-0FA1-4978-845B-7F56F5592EE8}.Ad-Hoc|iPhoneSimulator.Deploy.0 = Ad-Hoc|iPhoneSimulator
		{FFAB9E25-0FA1-4978-845B-7F56F5592EE8}.AppStore|Any CPU.ActiveCfg = AppStore|iPhone
		{FFAB9E25-0FA1-4978-845B-7F56F5592EE8}.AppStore|Any CPU.Build.0 = AppStore|iPhone
		{FFAB9E25-0FA1-4978-845B-7F56F5592EE8}.AppStore|Any CPU.Deploy.0 = AppStore|iPhone
		{FFAB9E25-0FA1-4978-845B-7F56F5592EE8}.AppStore|iPhone.ActiveCfg = AppStore|iPhone
		{FFAB9E25-0FA1-4978-845B-7F56F5592EE8}.AppStore|iPhone.Build.0 = AppStore|iPhone
		{FFAB9E25-0FA1-4978-845B-7F56F5592EE8}.AppStore|iPhone.Deploy.0 = AppStore|iPhone
		{FFAB9E25-0FA1-4978-845B-7F56F5592EE8}.AppStore|iPhoneSimulator.ActiveCfg = AppStore|iPhoneSimulator
		{FFAB9E25-0FA1-4978-845B-7F56F5592EE8}.AppStore|iPhoneSimulator.Build.0 = AppStore|iPhoneSimulator
		{FFAB9E25-0FA1-4978-845B-7F56F5592EE8}.AppStore|iPhoneSimulator.Deploy.0 = AppStore|iPhoneSimulator
		{FFAB9E25-0FA1-4978-845B-7F56F5592EE8}.Debug|Any CPU.ActiveCfg = Debug|iPhoneSimulator
		{FFAB9E25-0FA1-4978-845B-7F56F5592EE8}.Debug|Any CPU.Build.0 = Debug|iPhoneSimulator
		{FFAB9E25-0FA1-4978-845B-7F56F5592EE8}.Debug|Any CPU.Deploy.0 = Debug|iPhoneSimulator
		{FFAB9E25-0FA1-4978-845B-7F56F5592EE8}.Debug|iPhone.ActiveCfg = Debug|iPhone
		{FFAB9E25-0FA1-4978-845B-7F56F5592EE8}.Debug|iPhone.Build.0 = Debug|iPhone
		{FFAB9E25-0FA1-4978-845B-7F56F5592EE8}.Debug|iPhone.Deploy.0 = Debug|iPhone
		{FFAB9E25-0FA1-4978-845B-7F56F5592EE8}.Debug|iPhoneSimulator.ActiveCfg = Debug|iPhoneSimulator
		{FFAB9E25-0FA1-4978-845B-7F56F5592EE8}.Debug|iPhoneSimulator.Build.0 = Debug|iPhoneSimulator
		{FFAB9E25-0FA1-4978-845B-7F56F5592EE8}.Debug|iPhoneSimulator.Deploy.0 = Debug|iPhoneSimulator
		{FFAB9E25-0FA1-4978-845B-7F56F5592EE8}.Release|Any CPU.ActiveCfg = Release|iPhone
		{FFAB9E25-0FA1-4978-845B-7F56F5592EE8}.Release|Any CPU.Build.0 = Release|iPhone
		{FFAB9E25-0FA1-4978-845B-7F56F5592EE8}.Release|Any CPU.Deploy.0 = Release|iPhone
		{FFAB9E25-0FA1-4978-845B-7F56F5592EE8}.Release|iPhone.ActiveCfg = Release|iPhone
		{FFAB9E25-0FA1-4978-845B-7F56F5592EE8}.Release|iPhone.Build.0 = Release|iPhone
		{FFAB9E25-0FA1-4978-845B-7F56F5592EE8}.Release|iPhone.Deploy.0 = Release|iPhone
		{FFAB9E25-0FA1-4978-845B-7F56F5592EE8}.Release|iPhoneSimulator.ActiveCfg = Release|iPhoneSimulator
		{FFAB9E25-0FA1-4978-845B-7F56F5592EE8}.Release|iPhoneSimulator.Build.0 = Release|iPhoneSimulator
		{FFAB9E25-0FA1-4978-845B-7F56F5592EE8}.Release|iPhoneSimulator.Deploy.0 = Release|iPhoneSimulator
		{B7281EAE-FA9E-4FD3-8C17-77B76E0F48A4}.Ad-Hoc|Any CPU.ActiveCfg = Debug|Any CPU
		{B7281EAE-FA9E-4FD3-8C17-77B76E0F48A4}.Ad-Hoc|Any CPU.Build.0 = Debug|Any CPU
		{B7281EAE-FA9E-4FD3-8C17-77B76E0F48A4}.Ad-Hoc|Any CPU.Deploy.0 = Debug|Any CPU
		{B7281EAE-FA9E-4FD3-8C17-77B76E0F48A4}.Ad-Hoc|iPhone.ActiveCfg = Debug|Any CPU
		{B7281EAE-FA9E-4FD3-8C17-77B76E0F48A4}.Ad-Hoc|iPhone.Build.0 = Debug|Any CPU
		{B7281EAE-FA9E-4FD3-8C17-77B76E0F48A4}.Ad-Hoc|iPhone.Deploy.0 = Debug|Any CPU
		{B7281EAE-FA9E-4FD3-8C17-77B76E0F48A4}.Ad-Hoc|iPhoneSimulator.ActiveCfg = Debug|Any CPU
		{B7281EAE-FA9E-4FD3-8C17-77B76E0F48A4}.Ad-Hoc|iPhoneSimulator.Build.0 = Debug|Any CPU
		{B7281EAE-FA9E-4FD3-8C17-77B76E0F48A4}.Ad-Hoc|iPhoneSimulator.Deploy.0 = Debug|Any CPU
		{B7281EAE-FA9E-4FD3-8C17-77B76E0F48A4}.AppStore|Any CPU.ActiveCfg = Debug|Any CPU
		{B7281EAE-FA9E-4FD3-8C17-77B76E0F48A4}.AppStore|Any CPU.Build.0 = Debug|Any CPU
		{B7281EAE-FA9E-4FD3-8C17-77B76E0F48A4}.AppStore|Any CPU.Deploy.0 = Debug|Any CPU
		{B7281EAE-FA9E-4FD3-8C17-77B76E0F48A4}.AppStore|iPhone.ActiveCfg = Debug|Any CPU
		{B7281EAE-FA9E-4FD3-8C17-77B76E0F48A4}.AppStore|iPhone.Build.0 = Debug|Any CPU
		{B7281EAE-FA9E-4FD3-8C17-77B76E0F48A4}.AppStore|iPhone.Deploy.0 = Debug|Any CPU
		{B7281EAE-FA9E-4FD3-8C17-77B76E0F48A4}.AppStore|iPhoneSimulator.ActiveCfg = Debug|Any CPU
		{B7281EAE-FA9E-4FD3-8C17-77B76E0F48A4}.AppStore|iPhoneSimulator.Build.0 = Debug|Any CPU
		{B7281EAE-FA9E-4FD3-8C17-77B76E0F48A4}.AppStore|iPhoneSimulator.Deploy.0 = Debug|Any CPU
		{B7281EAE-FA9E-4FD3-8C17-77B76E0F48A4}.Debug|Any CPU.ActiveCfg = Debug|Any CPU
		{B7281EAE-FA9E-4FD3-8C17-77B76E0F48A4}.Debug|Any CPU.Build.0 = Debug|Any CPU
		{B7281EAE-FA9E-4FD3-8C17-77B76E0F48A4}.Debug|Any CPU.Deploy.0 = Debug|Any CPU
		{B7281EAE-FA9E-4FD3-8C17-77B76E0F48A4}.Debug|iPhone.ActiveCfg = Debug|Any CPU
		{B7281EAE-FA9E-4FD3-8C17-77B76E0F48A4}.Debug|iPhone.Build.0 = Debug|Any CPU
		{B7281EAE-FA9E-4FD3-8C17-77B76E0F48A4}.Debug|iPhone.Deploy.0 = Debug|Any CPU
		{B7281EAE-FA9E-4FD3-8C17-77B76E0F48A4}.Debug|iPhoneSimulator.ActiveCfg = Debug|Any CPU
		{B7281EAE-FA9E-4FD3-8C17-77B76E0F48A4}.Debug|iPhoneSimulator.Build.0 = Debug|Any CPU
		{B7281EAE-FA9E-4FD3-8C17-77B76E0F48A4}.Debug|iPhoneSimulator.Deploy.0 = Debug|Any CPU
		{B7281EAE-FA9E-4FD3-8C17-77B76E0F48A4}.Release|Any CPU.ActiveCfg = Release|Any CPU
		{B7281EAE-FA9E-4FD3-8C17-77B76E0F48A4}.Release|Any CPU.Build.0 = Release|Any CPU
		{B7281EAE-FA9E-4FD3-8C17-77B76E0F48A4}.Release|Any CPU.Deploy.0 = Release|Any CPU
		{B7281EAE-FA9E-4FD3-8C17-77B76E0F48A4}.Release|iPhone.ActiveCfg = Release|Any CPU
		{B7281EAE-FA9E-4FD3-8C17-77B76E0F48A4}.Release|iPhone.Build.0 = Release|Any CPU
		{B7281EAE-FA9E-4FD3-8C17-77B76E0F48A4}.Release|iPhone.Deploy.0 = Release|Any CPU
		{B7281EAE-FA9E-4FD3-8C17-77B76E0F48A4}.Release|iPhoneSimulator.ActiveCfg = Release|Any CPU
		{B7281EAE-FA9E-4FD3-8C17-77B76E0F48A4}.Release|iPhoneSimulator.Build.0 = Release|Any CPU
		{B7281EAE-FA9E-4FD3-8C17-77B76E0F48A4}.Release|iPhoneSimulator.Deploy.0 = Release|Any CPU
	EndGlobalSection
	GlobalSection(SolutionProperties) = preSolution
		HideSolutionNode = FALSE
	EndGlobalSection
	GlobalSection(ExtensibilityGlobals) = postSolution
		SolutionGuid = {D40E9E8C-A9F4-4206-8E53-6F59ADAEC00D}
	EndGlobalSection
EndGlobal
